
Microsoft Visual Studio Solution File, Format Version 12.00
# Visual Studio Version 16
VisualStudioVersion = 16.0.31702.278
MinimumVisualStudioVersion = 10.0.40219.1
Project("{FAE04EC0-301F-11D3-BF4B-00C04F79EFBC}") = "NewCompair", "NewCompair\NewCompair.csproj", "{59AED846-18AA-4014-918F-24AB5E3FC8F0}"
EndProject
Global
	GlobalSection(SolutionConfigurationPlatforms) = preSolution
		Debug|Any CPU = Debug|Any CPU
		Release|Any CPU = Release|Any CPU
	EndGlobalSection
	GlobalSection(ProjectConfigurationPlatforms) = postSolution
		{59AED846-18AA-4014-918F-24AB5E3FC8F0}.Debug|Any CPU.ActiveCfg = Debug|Any CPU
		{59AED846-18AA-4014-918F-24AB5E3FC8F0}.Debug|Any CPU.Build.0 = Debug|Any CPU
		{59AED846-18AA-4014-918F-24AB5E3FC8F0}.Release|Any CPU.ActiveCfg = Release|Any CPU
		{59AED846-18AA-4014-918F-24AB5E3FC8F0}.Release|Any CPU.Build.0 = Release|Any CPU
	EndGlobalSection
	GlobalSection(SolutionProperties) = preSolution
		HideSolutionNode = FALSE
	EndGlobalSection
	GlobalSection(ExtensibilityGlobals) = postSolution
		SolutionGuid = {01A9212D-0437-4A22-9F46-DF06BDBAF61F}
	EndGlobalSection
EndGlobal
